# This file was autogenerated by Stack.
# You should not edit this file by hand.
# For more information, please see the documentation at:
#   https://docs.haskellstack.org/en/stable/lock_files

packages:
- completed:
    hackage: free-foil-0.1.0@sha256:c762b0f0373b08d0c67c73384573d3a8f652278bab0ab380cc9f7c9bd35f372f,3134
    pantry-tree:
      sha256: 2baf3c3cbe18a4a618ef839d534907b306151b2d7da4bf1ba8da93030c157779
      size: 1688
  original:
    hackage: free-foil-0.1.0@sha256:c762b0f0373b08d0c67c73384573d3a8f652278bab0ab380cc9f7c9bd35f372f,3134
snapshots:
- completed:
    sha256: 2b63732cfb5782292320fdba3920b71a2144d1265018f0312cb35b0ce04e78f5
    size: 656849
    url: https://raw.githubusercontent.com/commercialhaskell/stackage-snapshots/master/nightly/2024/8/2.yaml
  original: nightly-2024-08-02
