# This file was autogenerated by Stack.
# You should not edit this file by hand.
# For more information, please see the documentation at:
#   https://docs.haskellstack.org/en/stable/lock_files

packages:
- completed:
    hackage: free-foil-0.0.3@sha256:cc4440d3d6ad4234611120fdecb228b621e0cabf57c1e8b8fb35282aa6fe0cfb,3134
    pantry-tree:
      sha256: 9996c023bf037b2006e7e84abdba963dad3ade30aaf20ec47904d39586730d08
      size: 1687
  original:
    hackage: free-foil-0.0.3@sha256:cc4440d3d6ad4234611120fdecb228b621e0cabf57c1e8b8fb35282aa6fe0cfb,3134
snapshots:
- completed:
    sha256: 2b63732cfb5782292320fdba3920b71a2144d1265018f0312cb35b0ce04e78f5
    size: 656849
    url: https://raw.githubusercontent.com/commercialhaskell/stackage-snapshots/master/nightly/2024/8/2.yaml
  original: nightly-2024-08-02
